
Microsoft Visual Studio Solution File, Format Version 12.00
# Visual Studio Version 17
VisualStudioVersion = 17.3.32929.385
MinimumVisualStudioVersion = 10.0.40219.1
Project("{FAE04EC0-301F-11D3-BF4B-00C04F79EFBC}") = "WindowsFormsApp1", "WindowsFormsApp1\WindowsFormsApp1.csproj", "{ACF0D680-73DA-4FF3-A3AB-3D5241985B8F}"
EndProject
Global
	GlobalSection(SolutionConfigurationPlatforms) = preSolution
		Debug|Any CPU = Debug|Any CPU
		Release|Any CPU = Release|Any CPU
	EndGlobalSection
	GlobalSection(ProjectConfigurationPlatforms) = postSolution
		{ACF0D680-73DA-4FF3-A3AB-3D5241985B8F}.Debug|Any CPU.ActiveCfg = Debug|Any CPU
		{ACF0D680-73DA-4FF3-A3AB-3D5241985B8F}.Debug|Any CPU.Build.0 = Debug|Any CPU
		{ACF0D680-73DA-4FF3-A3AB-3D5241985B8F}.Release|Any CPU.ActiveCfg = Release|Any CPU
		{ACF0D680-73DA-4FF3-A3AB-3D5241985B8F}.Release|Any CPU.Build.0 = Release|Any CPU
	EndGlobalSection
	GlobalSection(SolutionProperties) = preSolution
		HideSolutionNode = FALSE
	EndGlobalSection
	GlobalSection(ExtensibilityGlobals) = postSolution
		SolutionGuid = {F35EADC0-4DAA-42CC-8D2B-33CF4B10D4DF}
	EndGlobalSection
EndGlobal
